{
  "name": "validator_benchmark",
  "version": "1.0.0",
  "lockfileVersion": 3,
  "requires": true,
  "packages": {
    "": {
      "name": "validator_benchmark",
      "version": "1.0.0",
      "license": "ISC",
      "dependencies": {
        "@emailcheck/email-validator-js": "^3.4.1",
        "deep-email-validator": "^0.1.21"
      }
    },
    "node_modules/@emailcheck/email-validator-js": {
      "version": "3.4.1",
      "resolved": "https://registry.npmjs.org/@emailcheck/email-validator-js/-/email-validator-js-3.4.1.tgz",
      "integrity": "sha512-48qFt0RsD3KUKeqgr1m1jRX+UszEebgpn29LGKRahA9D/NlRjaDkS+lH4X9BZTlZoeqRphsRD+0nCTmrjuSK1A==",
      "license": "BSL 1.1",
      "dependencies": {
        "psl": "^1.15.0",
        "string-similarity-js": "^2.1.4",
        "tiny-lru": "^11.4.5"
      },
      "engines": {
        "node": ">= 12.0"
      }
    },
    "node_modules/@types/disposable-email-domains": {
      "version": "1.0.6",
      "resolved": "https://registry.npmjs.org/@types/disposable-email-domains/-/disposable-email-domains-1.0.6.tgz",
      "integrity": "sha512-+jHw0Q4ERuVYIChlUaoSm/VEuuNFeW7JgUU8Rwa9V1ym6q+gkGmBK5sGTDKqlfmsSdI5bFMHKlEatirPFvd8Xw==",
      "license": "MIT"
    },
    "node_modules/axios": {
      "version": "0.24.0",
      "resolved": "https://registry.npmjs.org/axios/-/axios-0.24.0.tgz",
      "integrity": "sha512-Q6cWsys88HoPgAaFAVUb0WpPk0O8iTeisR9IMqy9G8AbO4NlpVknrnQS03zzF9PGAWgO3cgletO3VjV/P7VztA==",
      "license": "MIT",
      "dependencies": {
        "follow-redirects": "^1.14.4"
      }
    },
    "node_modules/deep-email-validator": {
      "version": "0.1.21",
      "resolved": "https://registry.npmjs.org/deep-email-validator/-/deep-email-validator-0.1.21.tgz",
      "integrity": "sha512-DBAmMzbr+MAubXQ+TS9tZuPwLcdKscb8YzKZiwoLqF3NmaeEgXvSSHhZ0EXOFeKFE2FNWC4mNXCyiQ/JdFXUwg==",
      "license": "MIT",
      "dependencies": {
        "@types/disposable-email-domains": "^1.0.1",
        "axios": "^0.24.0",
        "disposable-email-domains": "^1.0.59",
        "mailcheck": "^1.1.1"
      }
    },
    "node_modules/disposable-email-domains": {
      "version": "1.0.62",
      "resolved": "https://registry.npmjs.org/disposable-email-domains/-/disposable-email-domains-1.0.62.tgz",
      "integrity": "sha512-LBQvhRw7mznQTPoyZbsmYeNOZt1pN5aCsx4BAU/3siVFuiM9f2oyKzUaB8v1jbxFjE3aYqYiMo63kAL4pHgfWQ==",
      "license": "MIT"
    },
    "node_modules/follow-redirects": {
      "version": "1.15.11",
      "resolved": "https://registry.npmjs.org/follow-redirects/-/follow-redirects-1.15.11.tgz",
      "integrity": "sha512-deG2P0JfjrTxl50XGCDyfI97ZGVCxIpfKYmfyrQ54n5FO/0gfIES8C/Psl6kWVDolizcaaxZJnTS0QSMxvnsBQ==",
      "funding": [
        {
          "type": "individual",
          "url": "https://github.com/sponsors/RubenVerborgh"
        }
      ],
      "license": "MIT",
      "engines": {
        "node": ">=4.0"
      },
      "peerDependenciesMeta": {
        "debug": {
          "optional": true
        }
      }
    },
    "node_modules/mailcheck": {
      "version": "1.1.1",
      "resolved": "https://registry.npmjs.org/mailcheck/-/mailcheck-1.1.1.tgz",
      "integrity": "sha512-3WjL8+ZDouZwKlyJBMp/4LeziLFXgleOdsYu87piGcMLqhBzCsy2QFdbtAwv757TFC/rtqd738fgJw1tFQCSgA=="
    },
    "node_modules/psl": {
      "version": "1.15.0",
      "resolved": "https://registry.npmjs.org/psl/-/psl-1.15.0.tgz",
      "integrity": "sha512-JZd3gMVBAVQkSs6HdNZo9Sdo0LNcQeMNP3CozBJb3JYC/QUYZTnKxP+f8oWRX4rHP5EurWxqAHTSwUCjlNKa1w==",
      "license": "MIT",
      "dependencies": {
        "punycode": "^2.3.1"
      },
      "funding": {
        "url": "https://github.com/sponsors/lupomontero"
      }
    },
    "node_modules/punycode": {
      "version": "2.3.1",
      "resolved": "https://registry.npmjs.org/punycode/-/punycode-2.3.1.tgz",
      "integrity": "sha512-vYt7UD1U9Wg6138shLtLOvdAu+8DsC/ilFtEVHcH+wydcSpNE20AfSOduf6MkRFahL5FY7X1oU7nKVZFtfq8Fg==",
      "license": "MIT",
      "engines": {
        "node": ">=6"
      }
    },
    "node_modules/string-similarity-js": {
      "version": "2.1.4",
      "resolved": "https://registry.npmjs.org/string-similarity-js/-/string-similarity-js-2.1.4.tgz",
      "integrity": "sha512-uApODZNjCHGYROzDSAdCmAHf60L/pMDHnP/yk6TAbvGg7JSPZlSto/ceCI7hZEqzc53/juU2aOJFkM2yUVTMTA==",
      "license": "MIT"
    },
    "node_modules/tiny-lru": {
      "version": "11.4.7",
      "resolved": "https://registry.npmjs.org/tiny-lru/-/tiny-lru-11.4.7.tgz",
      "integrity": "sha512-w/Te7uMUVeH0CR8vZIjr+XiN41V+30lkDdK+NRIDCUYKKuL9VcmaUEmaPISuwGhLlrTGh5yu18lENtR9axSxYw==",
      "license": "BSD-3-Clause",
      "engines": {
        "node": ">=12"
      }
    }
  }
}
